
Microsoft Visual Studio Solution File, Format Version 12.00
# Visual Studio Version 17
VisualStudioVersion = 17.12.35707.178 d17.12
MinimumVisualStudioVersion = 10.0.40219.1
Project("{FAE04EC0-301F-11D3-BF4B-00C04F79EFBC}") = "home task oop", "home task oop\home task oop.csproj", "{C4152A54-0853-49DE-B7D9-F9B46FA2FEBA}"
EndProject
Project("{FAE04EC0-301F-11D3-BF4B-00C04F79EFBC}") = "home task 2 oop", "home task 2 oop\home task 2 oop.csproj", "{41125B00-E412-4742-9CD7-ABD28DD68F5A}"
EndProject
Global
	GlobalSection(SolutionConfigurationPlatforms) = preSolution
		Debug|Any CPU = Debug|Any CPU
		Release|Any CPU = Release|Any CPU
	EndGlobalSection
	GlobalSection(ProjectConfigurationPlatforms) = postSolution
		{C4152A54-0853-49DE-B7D9-F9B46FA2FEBA}.Debug|Any CPU.ActiveCfg = Debug|Any CPU
		{C4152A54-0853-49DE-B7D9-F9B46FA2FEBA}.Debug|Any CPU.Build.0 = Debug|Any CPU
		{C4152A54-0853-49DE-B7D9-F9B46FA2FEBA}.Release|Any CPU.ActiveCfg = Release|Any CPU
		{C4152A54-0853-49DE-B7D9-F9B46FA2FEBA}.Release|Any CPU.Build.0 = Release|Any CPU
		{41125B00-E412-4742-9CD7-ABD28DD68F5A}.Debug|Any CPU.ActiveCfg = Debug|Any CPU
		{41125B00-E412-4742-9CD7-ABD28DD68F5A}.Debug|Any CPU.Build.0 = Debug|Any CPU
		{41125B00-E412-4742-9CD7-ABD28DD68F5A}.Release|Any CPU.ActiveCfg = Release|Any CPU
		{41125B00-E412-4742-9CD7-ABD28DD68F5A}.Release|Any CPU.Build.0 = Release|Any CPU
	EndGlobalSection
	GlobalSection(SolutionProperties) = preSolution
		HideSolutionNode = FALSE
	EndGlobalSection
EndGlobal
